
Microsoft Visual Studio Solution File, Format Version 12.00
# Visual Studio Version 17
VisualStudioVersion = 17.6.33815.320
MinimumVisualStudioVersion = 10.0.40219.1
Project("{2150E333-8FDC-42A3-9474-1A3956D46DE8}") = "Services", "Services", "{8870EEC4-4747-447F-B510-A6BA6F1CCE8D}"
EndProject
Project("{2150E333-8FDC-42A3-9474-1A3956D46DE8}") = "Frontends", "Frontends", "{73FA072E-F027-4DB4-B7C7-C9888D3558AF}"
EndProject
Project("{2150E333-8FDC-42A3-9474-1A3956D46DE8}") = "Catolog", "Catolog", "{884ED3BC-256A-4C30-AE31-17105CF3C1AD}"
EndProject
Project("{2150E333-8FDC-42A3-9474-1A3956D46DE8}") = "Basket", "Basket", "{A9CD3B06-76D8-43E1-89D0-17B7F4371E6B}"
EndProject
Project("{2150E333-8FDC-42A3-9474-1A3956D46DE8}") = "Order", "Order", "{089904D5-3BD8-43D0-ADF9-0560B0464544}"
EndProject
Project("{2150E333-8FDC-42A3-9474-1A3956D46DE8}") = "Discount", "Discount", "{7A6E2099-D2A4-4C99-9116-E95D706C894C}"
EndProject
Project("{2150E333-8FDC-42A3-9474-1A3956D46DE8}") = "Payment", "Payment", "{B2137F31-A68F-47B3-AE8F-4F9A3A333705}"
EndProject
Project("{2150E333-8FDC-42A3-9474-1A3956D46DE8}") = "Gateways", "Gateways", "{3D40F6DE-21BC-40D7-9A83-AB553C3A413F}"
EndProject
Project("{2150E333-8FDC-42A3-9474-1A3956D46DE8}") = "ToDo", "ToDo", "{781D20CB-333E-4D91-A652-AFAA021DC1DC}"
EndProject
Project("{2150E333-8FDC-42A3-9474-1A3956D46DE8}") = "Cargo", "Cargo", "{89DC25E6-8448-41AE-BFC3-E9023D762D42}"
EndProject
Project("{9A19103F-16F7-4668-BE54-9A1E7A4F7556}") = "Microservices.Basket", "Services\Basket\Microservices.Basket\Microservices.Basket.csproj", "{4293323D-0CD9-496A-B847-071A655039B5}"
EndProject
Project("{9A19103F-16F7-4668-BE54-9A1E7A4F7556}") = "Microservices.Catalog", "Services\Catalog\Microservices.Catalog\Microservices.Catalog.csproj", "{0A49A86B-45D9-4DA3-84C9-2734AADCAC99}"
EndProject
Project("{9A19103F-16F7-4668-BE54-9A1E7A4F7556}") = "Microservices.Discount", "Services\Discount\Microservices.Discount\Microservices.Discount.csproj", "{6E9CF774-ECD1-4DE1-881C-CC72C32B7547}"
EndProject
Project("{9A19103F-16F7-4668-BE54-9A1E7A4F7556}") = "Microservices.Order", "Services\Order\Microservices.Order\Microservices.Order.csproj", "{5BBAE06C-735A-40EF-A781-9EE47C258413}"
EndProject
Project("{9A19103F-16F7-4668-BE54-9A1E7A4F7556}") = "Microservices.Cargo", "Services\Cargo\Microservices.Cargo\Microservices.Cargo.csproj", "{0EDB779B-99B7-4837-98F7-D08C720048C9}"
EndProject
Project("{9A19103F-16F7-4668-BE54-9A1E7A4F7556}") = "Microservices.Payment", "Services\Payment\Microservices.Payment\Microservices.Payment.csproj", "{3D78BF26-EBB2-4788-B766-1594E6604E96}"
EndProject
Project("{2150E333-8FDC-42A3-9474-1A3956D46DE8}") = "Shared", "Shared", "{9643F2B1-B88A-43E5-B57D-F4D238D28EF4}"
EndProject
Project("{9A19103F-16F7-4668-BE54-9A1E7A4F7556}") = "MicroServices.Shared", "Shared\MicroServices.Shared\MicroServices.Shared.csproj", "{D877D5C1-672F-4574-9B1C-DB6CE8FB6746}"
EndProject
Project("{2150E333-8FDC-42A3-9474-1A3956D46DE8}") = "IdentityServer", "IdentityServer", "{D051D1AE-7772-4D63-93CC-C03976D591F6}"
EndProject
Project("{9A19103F-16F7-4668-BE54-9A1E7A4F7556}") = "MicroServices.IdentityServer", "IdentityServer\MicroServices.IdentityServer\MicroServices.IdentityServer.csproj", "{2DC57DCB-7144-40DB-9B02-228381890180}"
EndProject
Global
	GlobalSection(SolutionConfigurationPlatforms) = preSolution
		Debug|Any CPU = Debug|Any CPU
		Release|Any CPU = Release|Any CPU
	EndGlobalSection
	GlobalSection(ProjectConfigurationPlatforms) = postSolution
		{4293323D-0CD9-496A-B847-071A655039B5}.Debug|Any CPU.ActiveCfg = Debug|Any CPU
		{4293323D-0CD9-496A-B847-071A655039B5}.Debug|Any CPU.Build.0 = Debug|Any CPU
		{4293323D-0CD9-496A-B847-071A655039B5}.Release|Any CPU.ActiveCfg = Release|Any CPU
		{4293323D-0CD9-496A-B847-071A655039B5}.Release|Any CPU.Build.0 = Release|Any CPU
		{0A49A86B-45D9-4DA3-84C9-2734AADCAC99}.Debug|Any CPU.ActiveCfg = Debug|Any CPU
		{0A49A86B-45D9-4DA3-84C9-2734AADCAC99}.Debug|Any CPU.Build.0 = Debug|Any CPU
		{0A49A86B-45D9-4DA3-84C9-2734AADCAC99}.Release|Any CPU.ActiveCfg = Release|Any CPU
		{0A49A86B-45D9-4DA3-84C9-2734AADCAC99}.Release|Any CPU.Build.0 = Release|Any CPU
		{6E9CF774-ECD1-4DE1-881C-CC72C32B7547}.Debug|Any CPU.ActiveCfg = Debug|Any CPU
		{6E9CF774-ECD1-4DE1-881C-CC72C32B7547}.Debug|Any CPU.Build.0 = Debug|Any CPU
		{6E9CF774-ECD1-4DE1-881C-CC72C32B7547}.Release|Any CPU.ActiveCfg = Release|Any CPU
		{6E9CF774-ECD1-4DE1-881C-CC72C32B7547}.Release|Any CPU.Build.0 = Release|Any CPU
		{5BBAE06C-735A-40EF-A781-9EE47C258413}.Debug|Any CPU.ActiveCfg = Debug|Any CPU
		{5BBAE06C-735A-40EF-A781-9EE47C258413}.Debug|Any CPU.Build.0 = Debug|Any CPU
		{5BBAE06C-735A-40EF-A781-9EE47C258413}.Release|Any CPU.ActiveCfg = Release|Any CPU
		{5BBAE06C-735A-40EF-A781-9EE47C258413}.Release|Any CPU.Build.0 = Release|Any CPU
		{0EDB779B-99B7-4837-98F7-D08C720048C9}.Debug|Any CPU.ActiveCfg = Debug|Any CPU
		{0EDB779B-99B7-4837-98F7-D08C720048C9}.Debug|Any CPU.Build.0 = Debug|Any CPU
		{0EDB779B-99B7-4837-98F7-D08C720048C9}.Release|Any CPU.ActiveCfg = Release|Any CPU
		{0EDB779B-99B7-4837-98F7-D08C720048C9}.Release|Any CPU.Build.0 = Release|Any CPU
		{3D78BF26-EBB2-4788-B766-1594E6604E96}.Debug|Any CPU.ActiveCfg = Debug|Any CPU
		{3D78BF26-EBB2-4788-B766-1594E6604E96}.Debug|Any CPU.Build.0 = Debug|Any CPU
		{3D78BF26-EBB2-4788-B766-1594E6604E96}.Release|Any CPU.ActiveCfg = Release|Any CPU
		{3D78BF26-EBB2-4788-B766-1594E6604E96}.Release|Any CPU.Build.0 = Release|Any CPU
		{D877D5C1-672F-4574-9B1C-DB6CE8FB6746}.Debug|Any CPU.ActiveCfg = Debug|Any CPU
		{D877D5C1-672F-4574-9B1C-DB6CE8FB6746}.Debug|Any CPU.Build.0 = Debug|Any CPU
		{D877D5C1-672F-4574-9B1C-DB6CE8FB6746}.Release|Any CPU.ActiveCfg = Release|Any CPU
		{D877D5C1-672F-4574-9B1C-DB6CE8FB6746}.Release|Any CPU.Build.0 = Release|Any CPU
		{2DC57DCB-7144-40DB-9B02-228381890180}.Debug|Any CPU.ActiveCfg = Debug|Any CPU
		{2DC57DCB-7144-40DB-9B02-228381890180}.Debug|Any CPU.Build.0 = Debug|Any CPU
		{2DC57DCB-7144-40DB-9B02-228381890180}.Release|Any CPU.ActiveCfg = Release|Any CPU
		{2DC57DCB-7144-40DB-9B02-228381890180}.Release|Any CPU.Build.0 = Release|Any CPU
	EndGlobalSection
	GlobalSection(SolutionProperties) = preSolution
		HideSolutionNode = FALSE
	EndGlobalSection
	GlobalSection(NestedProjects) = preSolution
		{884ED3BC-256A-4C30-AE31-17105CF3C1AD} = {8870EEC4-4747-447F-B510-A6BA6F1CCE8D}
		{A9CD3B06-76D8-43E1-89D0-17B7F4371E6B} = {8870EEC4-4747-447F-B510-A6BA6F1CCE8D}
		{089904D5-3BD8-43D0-ADF9-0560B0464544} = {8870EEC4-4747-447F-B510-A6BA6F1CCE8D}
		{7A6E2099-D2A4-4C99-9116-E95D706C894C} = {8870EEC4-4747-447F-B510-A6BA6F1CCE8D}
		{B2137F31-A68F-47B3-AE8F-4F9A3A333705} = {8870EEC4-4747-447F-B510-A6BA6F1CCE8D}
		{89DC25E6-8448-41AE-BFC3-E9023D762D42} = {8870EEC4-4747-447F-B510-A6BA6F1CCE8D}
		{4293323D-0CD9-496A-B847-071A655039B5} = {A9CD3B06-76D8-43E1-89D0-17B7F4371E6B}
		{0A49A86B-45D9-4DA3-84C9-2734AADCAC99} = {884ED3BC-256A-4C30-AE31-17105CF3C1AD}
		{6E9CF774-ECD1-4DE1-881C-CC72C32B7547} = {7A6E2099-D2A4-4C99-9116-E95D706C894C}
		{5BBAE06C-735A-40EF-A781-9EE47C258413} = {089904D5-3BD8-43D0-ADF9-0560B0464544}
		{0EDB779B-99B7-4837-98F7-D08C720048C9} = {89DC25E6-8448-41AE-BFC3-E9023D762D42}
		{3D78BF26-EBB2-4788-B766-1594E6604E96} = {B2137F31-A68F-47B3-AE8F-4F9A3A333705}
		{D877D5C1-672F-4574-9B1C-DB6CE8FB6746} = {9643F2B1-B88A-43E5-B57D-F4D238D28EF4}
		{2DC57DCB-7144-40DB-9B02-228381890180} = {D051D1AE-7772-4D63-93CC-C03976D591F6}
	EndGlobalSection
	GlobalSection(ExtensibilityGlobals) = postSolution
		SolutionGuid = {1254965A-01EE-40E9-8614-786CAAE0AFB5}
	EndGlobalSection
EndGlobal
